
Microsoft Visual Studio Solution File, Format Version 12.00
# Visual Studio Version 16
VisualStudioVersion = 16.0.34902.97
MinimumVisualStudioVersion = 10.0.40219.1
Project("{FAE04EC0-301F-11D3-BF4B-00C04F79EFBC}") = "login page farzan", "login page farzan\login page farzan.csproj", "{24E789F6-1613-481D-8093-3FEE02D2391B}"
EndProject
Global
	GlobalSection(SolutionConfigurationPlatforms) = preSolution
		Debug|Any CPU = Debug|Any CPU
		Release|Any CPU = Release|Any CPU
	EndGlobalSection
	GlobalSection(ProjectConfigurationPlatforms) = postSolution
		{24E789F6-1613-481D-8093-3FEE02D2391B}.Debug|Any CPU.ActiveCfg = Debug|Any CPU
		{24E789F6-1613-481D-8093-3FEE02D2391B}.Debug|Any CPU.Build.0 = Debug|Any CPU
		{24E789F6-1613-481D-8093-3FEE02D2391B}.Release|Any CPU.ActiveCfg = Release|Any CPU
		{24E789F6-1613-481D-8093-3FEE02D2391B}.Release|Any CPU.Build.0 = Release|Any CPU
	EndGlobalSection
	GlobalSection(SolutionProperties) = preSolution
		HideSolutionNode = FALSE
	EndGlobalSection
	GlobalSection(ExtensibilityGlobals) = postSolution
		SolutionGuid = {D40A07A8-2542-4828-81F8-4840051FC343}
	EndGlobalSection
EndGlobal
